
Microsoft Visual Studio Solution File, Format Version 11.00
# Visual Studio 2010
Project("{FAE04EC0-301F-11D3-BF4B-00C04F79EFBC}") = "Assembly-CSharp-Editor", "Assembly-CSharp-Editor.csproj", "{0fe807de-5d4f-0c1b-ae07-530302e308ce}"
EndProject
Project("{FAE04EC0-301F-11D3-BF4B-00C04F79EFBC}") = "Assembly-CSharp", "Assembly-CSharp.csproj", "{776f461c-6ff5-1eef-62ce-e49e5943f296}"
EndProject
Global
	GlobalSection(SolutionConfigurationPlatforms) = preSolution
		Debug|Any CPU = Debug|Any CPU
	EndGlobalSection
	GlobalSection(ProjectConfigurationPlatforms) = postSolution
		{0fe807de-5d4f-0c1b-ae07-530302e308ce}.Debug|Any CPU.ActiveCfg = Debug|Any CPU
		{0fe807de-5d4f-0c1b-ae07-530302e308ce}.Debug|Any CPU.Build.0 = Debug|Any CPU
		{776f461c-6ff5-1eef-62ce-e49e5943f296}.Debug|Any CPU.ActiveCfg = Debug|Any CPU
		{776f461c-6ff5-1eef-62ce-e49e5943f296}.Debug|Any CPU.Build.0 = Debug|Any CPU
	EndGlobalSection
	GlobalSection(SolutionProperties) = preSolution
		HideSolutionNode = FALSE
	EndGlobalSection
EndGlobal
